
Microsoft Visual Studio Solution File, Format Version 12.00
# Visual Studio 15
VisualStudioVersion = 15.0.27130.2010
MinimumVisualStudioVersion = 10.0.40219.1
Project("{FAE04EC0-301F-11D3-BF4B-00C04F79EFBC}") = "FINAL", "Accounting\FINAL.csproj", "{B581610D-4C73-4108-A0FC-BE51F7DE66A8}"
EndProject
Global
	GlobalSection(SolutionConfigurationPlatforms) = preSolution
		Debug|Any CPU = Debug|Any CPU
		Release|Any CPU = Release|Any CPU
	EndGlobalSection
	GlobalSection(ProjectConfigurationPlatforms) = postSolution
		{B581610D-4C73-4108-A0FC-BE51F7DE66A8}.Debug|Any CPU.ActiveCfg = Debug|Any CPU
		{B581610D-4C73-4108-A0FC-BE51F7DE66A8}.Debug|Any CPU.Build.0 = Debug|Any CPU
		{B581610D-4C73-4108-A0FC-BE51F7DE66A8}.Release|Any CPU.ActiveCfg = Release|Any CPU
		{B581610D-4C73-4108-A0FC-BE51F7DE66A8}.Release|Any CPU.Build.0 = Release|Any CPU
	EndGlobalSection
	GlobalSection(SolutionProperties) = preSolution
		HideSolutionNode = FALSE
	EndGlobalSection
	GlobalSection(ExtensibilityGlobals) = postSolution
		SolutionGuid = {28C3189B-8A41-4905-9282-BF1F5D612947}
	EndGlobalSection
EndGlobal
